
Microsoft Visual Studio Solution File, Format Version 12.00
# Visual Studio Version 16
VisualStudioVersion = 16.0.30517.126
MinimumVisualStudioVersion = 10.0.40219.1
Project("{FAE04EC0-301F-11D3-BF4B-00C04F79EFBC}") = "Monday", "Monday\Monday.csproj", "{7BB844BE-8C74-4A98-B151-592A67E5761C}"
EndProject
Global
	GlobalSection(SolutionConfigurationPlatforms) = preSolution
		Debug|Any CPU = Debug|Any CPU
		Release|Any CPU = Release|Any CPU
	EndGlobalSection
	GlobalSection(ProjectConfigurationPlatforms) = postSolution
		{7BB844BE-8C74-4A98-B151-592A67E5761C}.Debug|Any CPU.ActiveCfg = Debug|Any CPU
		{7BB844BE-8C74-4A98-B151-592A67E5761C}.Debug|Any CPU.Build.0 = Debug|Any CPU
		{7BB844BE-8C74-4A98-B151-592A67E5761C}.Release|Any CPU.ActiveCfg = Release|Any CPU
		{7BB844BE-8C74-4A98-B151-592A67E5761C}.Release|Any CPU.Build.0 = Release|Any CPU
	EndGlobalSection
	GlobalSection(SolutionProperties) = preSolution
		HideSolutionNode = FALSE
	EndGlobalSection
	GlobalSection(ExtensibilityGlobals) = postSolution
		SolutionGuid = {83C63D17-8F51-42C7-9795-EA960A15B66F}
	EndGlobalSection
EndGlobal
